Microsoft Visual Studio Solution File, Format Version 12.00
# Visual Studio 2012
Project("{FAE04EC0-301F-11D3-BF4B-00C04F79EFBC}") = "puck-smashers", "puck-smashers.csproj", "{F1498019-8EF9-4EDD-944A-9F82EB8BD591}"
EndProject
Global
	GlobalSection(SolutionConfigurationPlatforms) = preSolution
	Debug|Any CPU = Debug|Any CPU
	ExportDebug|Any CPU = ExportDebug|Any CPU
	ExportRelease|Any CPU = ExportRelease|Any CPU
	EndGlobalSection
	GlobalSection(ProjectConfigurationPlatforms) = postSolution
		{F1498019-8EF9-4EDD-944A-9F82EB8BD591}.Debug|Any CPU.ActiveCfg = Debug|Any CPU
		{F1498019-8EF9-4EDD-944A-9F82EB8BD591}.Debug|Any CPU.Build.0 = Debug|Any CPU
		{F1498019-8EF9-4EDD-944A-9F82EB8BD591}.ExportDebug|Any CPU.ActiveCfg = ExportDebug|Any CPU
		{F1498019-8EF9-4EDD-944A-9F82EB8BD591}.ExportDebug|Any CPU.Build.0 = ExportDebug|Any CPU
		{F1498019-8EF9-4EDD-944A-9F82EB8BD591}.ExportRelease|Any CPU.ActiveCfg = ExportRelease|Any CPU
		{F1498019-8EF9-4EDD-944A-9F82EB8BD591}.ExportRelease|Any CPU.Build.0 = ExportRelease|Any CPU
	EndGlobalSection
EndGlobal
